<?xml version="1.0" encoding="utf-8"?>
<Project ToolsVersion="4.0" xmlns="http://schemas.microsoft.com/developer/msbuild/2003">
  <ItemGroup>
    <Filter Include="Source Files">
      <UniqueIdentifier>{4FC737F1-C7A5-4376-A066-2A32D752A2FF}</UniqueIdentifier>
      <Extensions>cpp;c;cc;cxx;def;odl;idl;hpj;bat;asm;asmx</Extensions>
    </Filter>
    <Filter Include="Header Files">
      <UniqueIdentifier>{93995380-89BD-4b04-88EB-625FBE52EBFB}</UniqueIdentifier>
      <Extensions>h;hh;hpp;hxx;hm;inl;inc;xsd</Extensions>
    </Filter>
    <Filter Include="Resource Files">
      <UniqueIdentifier>{67DA6AB6-F800-4c08-8B7A-83BB121AAD01}</UniqueIdentifier>
      <Extensions>rc;ico;cur;bmp;dlg;rc2;rct;bin;rgs;gif;jpg;jpeg;jpe;resx;tiff;tif;png;wav;mfcribbon-ms</Extensions>
    </Filter>
    <Filter Include="Shaders">
      <UniqueIdentifier>{55f776b2-2a50-416d-af8d-b0b070c7ffda}</UniqueIdentifier>
    </Filter>
    <Filter Include="Resource Files\Textures">
      <UniqueIdentifier>{086a4c76-3955-456e-926b-256361be1a1b}</UniqueIdentifier>
    </Filter>
    <Filter Include="Resource Files\fonts">
      <UniqueIdentifier>{5ada822e-d6af-41a2-adb5-991e09f188e7}</UniqueIdentifier>
    </Filter>
    <Filter Include="Configs">
      <UniqueIdentifier>{81303458-3ecb-46bc-9db9-acede9c1a4a3}</UniqueIdentifier>
    </Filter>
    <Filter Include="Maps">
      <UniqueIdentifier>{24a57df3-825e-48b7-aad6-191cb99d346c}</UniqueIdentifier>
    </Filter>
  </ItemGroup>
  <ItemGroup>
    <ClCompile Include="main.cpp">
      <Filter>Source Files</Filter>
    </ClCompile>
    <ClCompile Include="system_win32.cpp">
      <Filter>Source Files</Filter>
    </ClCompile>
    <ClCompile Include="gl_init.cpp">
      <Filter>Source Files</Filter>
    </ClCompile>
    <ClCompile Include="input.cpp">
      <Filter>Source Files</Filter>
    </ClCompile>
    <ClCompile Include="gl_draw.cpp">
      <Filter>Source Files</Filter>
    </ClCompile>
    <ClCompile Include="gl_display.cpp">
      <Filter>Source Files</Filter>
    </ClCompile>
    <ClCompile Include="gl_model.cpp">
      <Filter>Source Files</Filter>
    </ClCompile>
    <ClCompile Include="gl_shader.cpp">
      <Filter>Source Files</Filter>
    </ClCompile>
    <ClCompile Include="gl_texture.cpp">
      <Filter>Source Files</Filter>
    </ClCompile>
    <ClCompile Include="cvar.cpp">
      <Filter>Source Files</Filter>
    </ClCompile>
    <ClCompile Include="gl_text.cpp">
      <Filter>Source Files</Filter>
    </ClCompile>
    <ClCompile Include="gl_sprite.cpp">
      <Filter>Source Files</Filter>
    </ClCompile>
    <ClCompile Include="console.cpp">
      <Filter>Source Files</Filter>
    </ClCompile>
    <ClCompile Include="gameboard.cpp">
      <Filter>Source Files</Filter>
    </ClCompile>
  </ItemGroup>
  <ItemGroup>
    <ClInclude Include="Gradian.hpp">
      <Filter>Header Files</Filter>
    </ClInclude>
    <ClInclude Include="common.hpp">
      <Filter>Header Files</Filter>
    </ClInclude>
    <ClInclude Include="input.hpp">
      <Filter>Header Files</Filter>
    </ClInclude>
    <ClInclude Include="gl_draw.hpp">
      <Filter>Header Files</Filter>
    </ClInclude>
    <ClInclude Include="gl_texture.hpp">
      <Filter>Header Files</Filter>
    </ClInclude>
    <ClInclude Include="math.hpp">
      <Filter>Header Files</Filter>
    </ClInclude>
    <ClInclude Include="cvar.hpp">
      <Filter>Header Files</Filter>
    </ClInclude>
    <ClInclude Include="exception.hpp">
      <Filter>Header Files</Filter>
    </ClInclude>
    <ClInclude Include="gl_text.hpp">
      <Filter>Header Files</Filter>
    </ClInclude>
    <ClInclude Include="gl_shader.hpp">
      <Filter>Header Files</Filter>
    </ClInclude>
    <ClInclude Include="gl_sprite.hpp">
      <Filter>Header Files</Filter>
    </ClInclude>
    <ClInclude Include="gl_object.hpp">
      <Filter>Header Files</Filter>
    </ClInclude>
    <ClInclude Include="console.hpp">
      <Filter>Header Files</Filter>
    </ClInclude>
    <ClInclude Include="gameboard.hpp">
      <Filter>Header Files</Filter>
    </ClInclude>
    <ClInclude Include="coord.hpp">
      <Filter>Header Files</Filter>
    </ClInclude>
    <ClInclude Include="unit.hpp">
      <Filter>Header Files</Filter>
    </ClInclude>
    <ClInclude Include="type.hpp">
      <Filter>Header Files</Filter>
    </ClInclude>
    <ClInclude Include="result.hpp">
      <Filter>Header Files</Filter>
    </ClInclude>
  </ItemGroup>
  <ItemGroup>
    <None Include="Shaders\image.frag">
      <Filter>Shaders</Filter>
    </None>
    <None Include="Shaders\image.vs">
      <Filter>Shaders</Filter>
    </None>
    <None Include="Shaders\color.frag">
      <Filter>Shaders</Filter>
    </None>
    <None Include="Shaders\color.vs">
      <Filter>Shaders</Filter>
    </None>
    <None Include="configs\config.cfg">
      <Filter>Configs</Filter>
    </None>
    <None Include="configs\keys.cfg">
      <Filter>Configs</Filter>
    </None>
    <None Include="Shaders\text.frag">
      <Filter>Shaders</Filter>
    </None>
    <None Include="Shaders\text.vs">
      <Filter>Shaders</Filter>
    </None>
    <None Include="Maps\test.gmf">
      <Filter>Maps</Filter>
    </None>
  </ItemGroup>
  <ItemGroup>
    <Image Include="Textures\awesomeface.png">
      <Filter>Resource Files\Textures</Filter>
    </Image>
    <Image Include="Textures\charset.tga">
      <Filter>Resource Files\Textures</Filter>
    </Image>
  </ItemGroup>
  <ItemGroup>
    <Font Include="Fonts\arial.ttf">
      <Filter>Resource Files\fonts</Filter>
    </Font>
  </ItemGroup>
</Project>